# This file is automatically @generated by Cargo.
# It is not intended for manual editing.
version = 3

[[package]]
name = "reikna"
version = "0.10.0"
source = "registry+https://github.com/rust-lang/crates.io-index"
checksum = "72443cd654d28525026f9a3c14f6ff84191885d807255f33119ed9de77aca1c0"

[[package]]
name = "solve_poly"
version = "0.1.0"
dependencies = [
 "reikna",
]
